// !$*UTF8*$!
{
	archiveVersion = 1;
	classes = {
	};
	objectVersion = 48;
	objects = {

/* Begin PBXBuildFile section */
		F98A49321FBAB766000F9BC6 /* SwiftBeanCountModel.framework in Frameworks */ = {isa = PBXBuildFile; fileRef = F9BDC3C91FBAB6CB00393578 /* SwiftBeanCountModel.framework */; };
		F98A49351FBAB7B4000F9BC6 /* SwiftBeanCountModel.framework in CopyFiles */ = {isa = PBXBuildFile; fileRef = F9BDC3C91FBAB6CB00393578 /* SwiftBeanCountModel.framework */; settings = {ATTRIBUTES = (CodeSignOnCopy, RemoveHeadersOnCopy, ); }; };
		F98A49371FBAB7CE000F9BC6 /* SwiftBeanCountTest.swift in Sources */ = {isa = PBXBuildFile; fileRef = F98A49361FBAB7CE000F9BC6 /* SwiftBeanCountTest.swift */; };
		F98A493D1FBAB883000F9BC6 /* SwiftBeanCountParser.framework in Frameworks */ = {isa = PBXBuildFile; fileRef = F98A49381FBAB853000F9BC6 /* SwiftBeanCountParser.framework */; };
		F98A49401FBAB8A1000F9BC6 /* SwiftBeanCountParser.framework in CopyFiles */ = {isa = PBXBuildFile; fileRef = F98A49381FBAB853000F9BC6 /* SwiftBeanCountParser.framework */; settings = {ATTRIBUTES = (CodeSignOnCopy, RemoveHeadersOnCopy, ); }; };
		F98A49421FBAB8B1000F9BC6 /* SwiftBeanCountParser.framework.dSYM in CopyFiles */ = {isa = PBXBuildFile; fileRef = F98A49391FBAB853000F9BC6 /* SwiftBeanCountParser.framework.dSYM */; };
		F98A49431FBAB8C6000F9BC6 /* SwiftBeanCountParser.framework in Embed Frameworks */ = {isa = PBXBuildFile; fileRef = F98A49381FBAB853000F9BC6 /* SwiftBeanCountParser.framework */; settings = {ATTRIBUTES = (CodeSignOnCopy, RemoveHeadersOnCopy, ); }; };
		F9BDC3CB1FBAB6CB00393578 /* SwiftBeanCountModel.framework in Embed Frameworks */ = {isa = PBXBuildFile; fileRef = F9BDC3C91FBAB6CB00393578 /* SwiftBeanCountModel.framework */; settings = {ATTRIBUTES = (CodeSignOnCopy, RemoveHeadersOnCopy, ); }; };
		F9BDC3CE1FBAB6F100393578 /* SwiftBeanCountModel.framework.dSYM in CopyFiles */ = {isa = PBXBuildFile; fileRef = F9BDC3CC1FBAB6DA00393578 /* SwiftBeanCountModel.framework.dSYM */; };
		F9ED3D961EE7E03D00F6C79E /* AppDelegate.swift in Sources */ = {isa = PBXBuildFile; fileRef = F9ED3D951EE7E03D00F6C79E /* AppDelegate.swift */; };
		F9ED3D9A1EE7E03D00F6C79E /* Assets.xcassets in Resources */ = {isa = PBXBuildFile; fileRef = F9ED3D991EE7E03D00F6C79E /* Assets.xcassets */; };
		F9ED3D9D1EE7E03D00F6C79E /* Main.storyboard in Resources */ = {isa = PBXBuildFile; fileRef = F9ED3D9B1EE7E03D00F6C79E /* Main.storyboard */; };
		F9ED3DB41EE7E03D00F6C79E /* SwiftBeanCountUITests.swift in Sources */ = {isa = PBXBuildFile; fileRef = F9ED3DB31EE7E03D00F6C79E /* SwiftBeanCountUITests.swift */; };
		F9ED3DD41EE91CC700F6C79E /* ViewController.swift in Sources */ = {isa = PBXBuildFile; fileRef = F9ED3DD11EE9163300F6C79E /* ViewController.swift */; };
/* End PBXBuildFile section */

/* Begin PBXContainerItemProxy section */
		F9ED3DA51EE7E03D00F6C79E /* PBXContainerItemProxy */ = {
			isa = PBXContainerItemProxy;
			containerPortal = F9ED3D8A1EE7E03D00F6C79E /* Project object */;
			proxyType = 1;
			remoteGlobalIDString = F9ED3D911EE7E03D00F6C79E;
			remoteInfo = SwiftBeanCount;
		};
		F9ED3DB01EE7E03D00F6C79E /* PBXContainerItemProxy */ = {
			isa = PBXContainerItemProxy;
			containerPortal = F9ED3D8A1EE7E03D00F6C79E /* Project object */;
			proxyType = 1;
			remoteGlobalIDString = F9ED3D911EE7E03D00F6C79E;
			remoteInfo = SwiftBeanCount;
		};
/* End PBXContainerItemProxy section */

/* Begin PBXCopyFilesBuildPhase section */
		F98A49341FBAB7AE000F9BC6 /* CopyFiles */ = {
			isa = PBXCopyFilesBuildPhase;
			buildActionMask = 2147483647;
			dstPath = "";
			dstSubfolderSpec = 10;
			files = (
				F98A49351FBAB7B4000F9BC6 /* SwiftBeanCountModel.framework in CopyFiles */,
				F98A49401FBAB8A1000F9BC6 /* SwiftBeanCountParser.framework in CopyFiles */,
			);
			runOnlyForDeploymentPostprocessing = 0;
		};
		F9BDC3CD1FBAB6E600393578 /* CopyFiles */ = {
			isa = PBXCopyFilesBuildPhase;
			buildActionMask = 2147483647;
			dstPath = "";
			dstSubfolderSpec = 16;
			files = (
				F9BDC3CE1FBAB6F100393578 /* SwiftBeanCountModel.framework.dSYM in CopyFiles */,
				F98A49421FBAB8B1000F9BC6 /* SwiftBeanCountParser.framework.dSYM in CopyFiles */,
			);
			runOnlyForDeploymentPostprocessing = 0;
		};
		F9DCE44E1F5BAD2A0036B88B /* Embed Frameworks */ = {
			isa = PBXCopyFilesBuildPhase;
			buildActionMask = 2147483647;
			dstPath = "";
			dstSubfolderSpec = 10;
			files = (
				F98A49431FBAB8C6000F9BC6 /* SwiftBeanCountParser.framework in Embed Frameworks */,
				F9BDC3CB1FBAB6CB00393578 /* SwiftBeanCountModel.framework in Embed Frameworks */,
			);
			name = "Embed Frameworks";
			runOnlyForDeploymentPostprocessing = 0;
		};
/* End PBXCopyFilesBuildPhase section */

/* Begin PBXFileReference section */
		F92846E21EF24EA70099F0F5 /* README.md */ = {isa = PBXFileReference; lastKnownFileType = net.daringfireball.markdown; path = README.md; sourceTree = "<group>"; };
		F98A49361FBAB7CE000F9BC6 /* SwiftBeanCountTest.swift */ = {isa = PBXFileReference; lastKnownFileType = sourcecode.swift; path = SwiftBeanCountTest.swift; sourceTree = "<group>"; };
		F98A49381FBAB853000F9BC6 /* SwiftBeanCountParser.framework */ = {isa = PBXFileReference; lastKnownFileType = wrapper.framework; name = SwiftBeanCountParser.framework; path = Carthage/Build/Mac/SwiftBeanCountParser.framework; sourceTree = SOURCE_ROOT; };
		F98A49391FBAB853000F9BC6 /* SwiftBeanCountParser.framework.dSYM */ = {isa = PBXFileReference; lastKnownFileType = wrapper.dsym; name = SwiftBeanCountParser.framework.dSYM; path = Carthage/Build/Mac/SwiftBeanCountParser.framework.dSYM; sourceTree = SOURCE_ROOT; };
		F9BDC3C91FBAB6CB00393578 /* SwiftBeanCountModel.framework */ = {isa = PBXFileReference; lastKnownFileType = wrapper.framework; name = SwiftBeanCountModel.framework; path = Carthage/Build/Mac/SwiftBeanCountModel.framework; sourceTree = SOURCE_ROOT; };
		F9BDC3CC1FBAB6DA00393578 /* SwiftBeanCountModel.framework.dSYM */ = {isa = PBXFileReference; lastKnownFileType = wrapper.dsym; name = SwiftBeanCountModel.framework.dSYM; path = ../Carthage/Build/Mac/SwiftBeanCountModel.framework.dSYM; sourceTree = "<group>"; };
		F9ED3D921EE7E03D00F6C79E /* SwiftBeanCount.app */ = {isa = PBXFileReference; explicitFileType = wrapper.application; includeInIndex = 0; path = SwiftBeanCount.app; sourceTree = BUILT_PRODUCTS_DIR; };
		F9ED3D951EE7E03D00F6C79E /* AppDelegate.swift */ = {isa = PBXFileReference; lastKnownFileType = sourcecode.swift; path = AppDelegate.swift; sourceTree = "<group>"; };
		F9ED3D991EE7E03D00F6C79E /* Assets.xcassets */ = {isa = PBXFileReference; lastKnownFileType = folder.assetcatalog; path = Assets.xcassets; sourceTree = "<group>"; };
		F9ED3D9C1EE7E03D00F6C79E /* Base */ = {isa = PBXFileReference; lastKnownFileType = file.storyboard; name = Base; path = Base.lproj/Main.storyboard; sourceTree = "<group>"; };
		F9ED3D9E1EE7E03D00F6C79E /* Info.plist */ = {isa = PBXFileReference; lastKnownFileType = text.plist.xml; path = Info.plist; sourceTree = "<group>"; };
		F9ED3DA41EE7E03D00F6C79E /* SwiftBeanCountTests.xctest */ = {isa = PBXFileReference; explicitFileType = wrapper.cfbundle; includeInIndex = 0; path = SwiftBeanCountTests.xctest; sourceTree = BUILT_PRODUCTS_DIR; };
		F9ED3DAA1EE7E03D00F6C79E /* Info.plist */ = {isa = PBXFileReference; lastKnownFileType = text.plist.xml; path = Info.plist; sourceTree = "<group>"; };
		F9ED3DAF1EE7E03D00F6C79E /* SwiftBeanCountUITests.xctest */ = {isa = PBXFileReference; explicitFileType = wrapper.cfbundle; includeInIndex = 0; path = SwiftBeanCountUITests.xctest; sourceTree = BUILT_PRODUCTS_DIR; };
		F9ED3DB31EE7E03D00F6C79E /* SwiftBeanCountUITests.swift */ = {isa = PBXFileReference; lastKnownFileType = sourcecode.swift; path = SwiftBeanCountUITests.swift; sourceTree = "<group>"; };
		F9ED3DB51EE7E03D00F6C79E /* Info.plist */ = {isa = PBXFileReference; lastKnownFileType = text.plist.xml; path = Info.plist; sourceTree = "<group>"; };
		F9ED3DD11EE9163300F6C79E /* ViewController.swift */ = {isa = PBXFileReference; lastKnownFileType = sourcecode.swift; path = ViewController.swift; sourceTree = "<group>"; };
/* End PBXFileReference section */

/* Begin PBXFrameworksBuildPhase section */
		F9ED3D8F1EE7E03D00F6C79E /* Frameworks */ = {
			isa = PBXFrameworksBuildPhase;
			buildActionMask = 2147483647;
			files = (
			);
			runOnlyForDeploymentPostprocessing = 0;
		};
		F9ED3DA11EE7E03D00F6C79E /* Frameworks */ = {
			isa = PBXFrameworksBuildPhase;
			buildActionMask = 2147483647;
			files = (
				F98A493D1FBAB883000F9BC6 /* SwiftBeanCountParser.framework in Frameworks */,
				F98A49321FBAB766000F9BC6 /* SwiftBeanCountModel.framework in Frameworks */,
			);
			runOnlyForDeploymentPostprocessing = 0;
		};
		F9ED3DAC1EE7E03D00F6C79E /* Frameworks */ = {
			isa = PBXFrameworksBuildPhase;
			buildActionMask = 2147483647;
			files = (
			);
			runOnlyForDeploymentPostprocessing = 0;
		};
/* End PBXFrameworksBuildPhase section */

/* Begin PBXGroup section */
		F9BDC3CF1FBAB6F900393578 /* Frameworks */ = {
			isa = PBXGroup;
			children = (
				F98A49381FBAB853000F9BC6 /* SwiftBeanCountParser.framework */,
				F98A49391FBAB853000F9BC6 /* SwiftBeanCountParser.framework.dSYM */,
				F9BDC3C91FBAB6CB00393578 /* SwiftBeanCountModel.framework */,
				F9BDC3CC1FBAB6DA00393578 /* SwiftBeanCountModel.framework.dSYM */,
			);
			path = Frameworks;
			sourceTree = "<group>";
		};
		F9ED3D891EE7E03D00F6C79E = {
			isa = PBXGroup;
			children = (
				F9ED3D941EE7E03D00F6C79E /* SwiftBeanCount */,
				F9ED3DA71EE7E03D00F6C79E /* SwiftBeanCountTests */,
				F9ED3DB21EE7E03D00F6C79E /* SwiftBeanCountUITests */,
				F9BDC3CF1FBAB6F900393578 /* Frameworks */,
				F9ED3D931EE7E03D00F6C79E /* Products */,
				F92846E21EF24EA70099F0F5 /* README.md */,
			);
			sourceTree = "<group>";
		};
		F9ED3D931EE7E03D00F6C79E /* Products */ = {
			isa = PBXGroup;
			children = (
				F9ED3D921EE7E03D00F6C79E /* SwiftBeanCount.app */,
				F9ED3DA41EE7E03D00F6C79E /* SwiftBeanCountTests.xctest */,
				F9ED3DAF1EE7E03D00F6C79E /* SwiftBeanCountUITests.xctest */,
			);
			name = Products;
			sourceTree = "<group>";
		};
		F9ED3D941EE7E03D00F6C79E /* SwiftBeanCount */ = {
			isa = PBXGroup;
			children = (
				F9ED3D951EE7E03D00F6C79E /* AppDelegate.swift */,
				F9ED3DD01EE9160400F6C79E /* Views */,
				F9ED3DCB1EE90DCD00F6C79E /* Resources */,
			);
			path = SwiftBeanCount;
			sourceTree = "<group>";
		};
		F9ED3DA71EE7E03D00F6C79E /* SwiftBeanCountTests */ = {
			isa = PBXGroup;
			children = (
				F98A49361FBAB7CE000F9BC6 /* SwiftBeanCountTest.swift */,
				F9ED3DE41EEA5D2D00F6C79E /* Resources */,
			);
			path = SwiftBeanCountTests;
			sourceTree = "<group>";
		};
		F9ED3DB21EE7E03D00F6C79E /* SwiftBeanCountUITests */ = {
			isa = PBXGroup;
			children = (
				F9ED3DB31EE7E03D00F6C79E /* SwiftBeanCountUITests.swift */,
				F9ED3DB51EE7E03D00F6C79E /* Info.plist */,
			);
			path = SwiftBeanCountUITests;
			sourceTree = "<group>";
		};
		F9ED3DCB1EE90DCD00F6C79E /* Resources */ = {
			isa = PBXGroup;
			children = (
				F9ED3D991EE7E03D00F6C79E /* Assets.xcassets */,
				F9ED3D9E1EE7E03D00F6C79E /* Info.plist */,
			);
			path = Resources;
			sourceTree = "<group>";
		};
		F9ED3DD01EE9160400F6C79E /* Views */ = {
			isa = PBXGroup;
			children = (
				F9ED3D9B1EE7E03D00F6C79E /* Main.storyboard */,
				F9ED3DD11EE9163300F6C79E /* ViewController.swift */,
			);
			path = Views;
			sourceTree = "<group>";
		};
		F9ED3DE41EEA5D2D00F6C79E /* Resources */ = {
			isa = PBXGroup;
			children = (
				F9ED3DAA1EE7E03D00F6C79E /* Info.plist */,
			);
			path = Resources;
			sourceTree = "<group>";
		};
/* End PBXGroup section */

/* Begin PBXNativeTarget section */
		F9ED3D911EE7E03D00F6C79E /* SwiftBeanCount */ = {
			isa = PBXNativeTarget;
			buildConfigurationList = F9ED3DB81EE7E03D00F6C79E /* Build configuration list for PBXNativeTarget "SwiftBeanCount" */;
			buildPhases = (
				F997463A1F1DC81A00FCD6E7 /* SwiftLint */,
				F9ED3D8E1EE7E03D00F6C79E /* Sources */,
				F9ED3DC11EE7E04C00F6C79E /* Increment Build Number */,
				F9ED3D8F1EE7E03D00F6C79E /* Frameworks */,
				F9ED3D901EE7E03D00F6C79E /* Resources */,
				F9DCE44E1F5BAD2A0036B88B /* Embed Frameworks */,
				F9BDC3CD1FBAB6E600393578 /* CopyFiles */,
			);
			buildRules = (
			);
			dependencies = (
			);
			name = SwiftBeanCount;
			productName = SwiftBeanCount;
			productReference = F9ED3D921EE7E03D00F6C79E /* SwiftBeanCount.app */;
			productType = "com.apple.product-type.application";
		};
		F9ED3DA31EE7E03D00F6C79E /* SwiftBeanCountTests */ = {
			isa = PBXNativeTarget;
			buildConfigurationList = F9ED3DBB1EE7E03D00F6C79E /* Build configuration list for PBXNativeTarget "SwiftBeanCountTests" */;
			buildPhases = (
				F9ED3DA01EE7E03D00F6C79E /* Sources */,
				F9ED3DA11EE7E03D00F6C79E /* Frameworks */,
				F9ED3DA21EE7E03D00F6C79E /* Resources */,
				F98A49341FBAB7AE000F9BC6 /* CopyFiles */,
			);
			buildRules = (
			);
			dependencies = (
				F9ED3DA61EE7E03D00F6C79E /* PBXTargetDependency */,
			);
			name = SwiftBeanCountTests;
			productName = SwiftBeanCountTests;
			productReference = F9ED3DA41EE7E03D00F6C79E /* SwiftBeanCountTests.xctest */;
			productType = "com.apple.product-type.bundle.unit-test";
		};
		F9ED3DAE1EE7E03D00F6C79E /* SwiftBeanCountUITests */ = {
			isa = PBXNativeTarget;
			buildConfigurationList = F9ED3DBE1EE7E03D00F6C79E /* Build configuration list for PBXNativeTarget "SwiftBeanCountUITests" */;
			buildPhases = (
				F9ED3DAB1EE7E03D00F6C79E /* Sources */,
				F9ED3DAC1EE7E03D00F6C79E /* Frameworks */,
				F9ED3DAD1EE7E03D00F6C79E /* Resources */,
			);
			buildRules = (
			);
			dependencies = (
				F9ED3DB11EE7E03D00F6C79E /* PBXTargetDependency */,
			);
			name = SwiftBeanCountUITests;
			productName = SwiftBeanCountUITests;
			productReference = F9ED3DAF1EE7E03D00F6C79E /* SwiftBeanCountUITests.xctest */;
			productType = "com.apple.product-type.bundle.ui-testing";
		};
/* End PBXNativeTarget section */

/* Begin PBXProject section */
		F9ED3D8A1EE7E03D00F6C79E /* Project object */ = {
			isa = PBXProject;
			attributes = {
				LastSwiftUpdateCheck = 0900;
				LastUpgradeCheck = 0900;
				ORGANIZATIONNAME = "Steffen Kötte";
				TargetAttributes = {
					F9ED3D911EE7E03D00F6C79E = {
						CreatedOnToolsVersion = 9.0;
						ProvisioningStyle = Automatic;
					};
					F9ED3DA31EE7E03D00F6C79E = {
						CreatedOnToolsVersion = 9.0;
						LastSwiftMigration = 0910;
						ProvisioningStyle = Automatic;
						TestTargetID = F9ED3D911EE7E03D00F6C79E;
					};
					F9ED3DAE1EE7E03D00F6C79E = {
						CreatedOnToolsVersion = 9.0;
						TestTargetID = F9ED3D911EE7E03D00F6C79E;
					};
				};
			};
			buildConfigurationList = F9ED3D8D1EE7E03D00F6C79E /* Build configuration list for PBXProject "SwiftBeanCount" */;
			compatibilityVersion = "Xcode 8.0";
			developmentRegion = en;
			hasScannedForEncodings = 0;
			knownRegions = (
				en,
				Base,
			);
			mainGroup = F9ED3D891EE7E03D00F6C79E;
			productRefGroup = F9ED3D931EE7E03D00F6C79E /* Products */;
			projectDirPath = "";
			projectRoot = "";
			targets = (
				F9ED3D911EE7E03D00F6C79E /* SwiftBeanCount */,
				F9ED3DA31EE7E03D00F6C79E /* SwiftBeanCountTests */,
				F9ED3DAE1EE7E03D00F6C79E /* SwiftBeanCountUITests */,
			);
		};
/* End PBXProject section */

/* Begin PBXResourcesBuildPhase section */
		F9ED3D901EE7E03D00F6C79E /* Resources */ = {
			isa = PBXResourcesBuildPhase;
			buildActionMask = 2147483647;
			files = (
				F9ED3D9A1EE7E03D00F6C79E /* Assets.xcassets in Resources */,
				F9ED3D9D1EE7E03D00F6C79E /* Main.storyboard in Resources */,
			);
			runOnlyForDeploymentPostprocessing = 0;
		};
		F9ED3DA21EE7E03D00F6C79E /* Resources */ = {
			isa = PBXResourcesBuildPhase;
			buildActionMask = 2147483647;
			files = (
			);
			runOnlyForDeploymentPostprocessing = 0;
		};
		F9ED3DAD1EE7E03D00F6C79E /* Resources */ = {
			isa = PBXResourcesBuildPhase;
			buildActionMask = 2147483647;
			files = (
			);
			runOnlyForDeploymentPostprocessing = 0;
		};
/* End PBXResourcesBuildPhase section */

/* Begin PBXShellScriptBuildPhase section */
		F997463A1F1DC81A00FCD6E7 /* SwiftLint */ = {
			isa = PBXShellScriptBuildPhase;
			buildActionMask = 2147483647;
			files = (
			);
			inputPaths = (
			);
			name = SwiftLint;
			outputPaths = (
			);
			runOnlyForDeploymentPostprocessing = 0;
			shellPath = /bin/sh;
			shellScript = "if which swiftlint >/dev/null; then\n  swiftlint\nelse\n  echo \"warning: SwiftLint not installed, download from https://github.com/realm/SwiftLint\"\nfi";
		};
		F9ED3DC11EE7E04C00F6C79E /* Increment Build Number */ = {
			isa = PBXShellScriptBuildPhase;
			buildActionMask = 2147483647;
			files = (
			);
			inputPaths = (
			);
			name = "Increment Build Number";
			outputPaths = (
			);
			runOnlyForDeploymentPostprocessing = 0;
			shellPath = /bin/sh;
			shellScript = "buildNumber=$(/usr/libexec/PlistBuddy -c \"Print CFBundleVersion\" \"${PROJECT_DIR}/${INFOPLIST_FILE}\")\nbuildNumber=$(($buildNumber + 1))\n/usr/libexec/PlistBuddy -c \"Set :CFBundleVersion $buildNumber\" \"${PROJECT_DIR}/${INFOPLIST_FILE}\"";
		};
/* End PBXShellScriptBuildPhase section */

/* Begin PBXSourcesBuildPhase section */
		F9ED3D8E1EE7E03D00F6C79E /* Sources */ = {
			isa = PBXSourcesBuildPhase;
			buildActionMask = 2147483647;
			files = (
				F9ED3DD41EE91CC700F6C79E /* ViewController.swift in Sources */,
				F9ED3D961EE7E03D00F6C79E /* AppDelegate.swift in Sources */,
			);
			runOnlyForDeploymentPostprocessing = 0;
		};
		F9ED3DA01EE7E03D00F6C79E /* Sources */ = {
			isa = PBXSourcesBuildPhase;
			buildActionMask = 2147483647;
			files = (
				F98A49371FBAB7CE000F9BC6 /* SwiftBeanCountTest.swift in Sources */,
			);
			runOnlyForDeploymentPostprocessing = 0;
		};
		F9ED3DAB1EE7E03D00F6C79E /* Sources */ = {
			isa = PBXSourcesBuildPhase;
			buildActionMask = 2147483647;
			files = (
				F9ED3DB41EE7E03D00F6C79E /* SwiftBeanCountUITests.swift in Sources */,
			);
			runOnlyForDeploymentPostprocessing = 0;
		};
/* End PBXSourcesBuildPhase section */

/* Begin PBXTargetDependency section */
		F9ED3DA61EE7E03D00F6C79E /* PBXTargetDependency */ = {
			isa = PBXTargetDependency;
			target = F9ED3D911EE7E03D00F6C79E /* SwiftBeanCount */;
			targetProxy = F9ED3DA51EE7E03D00F6C79E /* PBXContainerItemProxy */;
		};
		F9ED3DB11EE7E03D00F6C79E /* PBXTargetDependency */ = {
			isa = PBXTargetDependency;
			target = F9ED3D911EE7E03D00F6C79E /* SwiftBeanCount */;
			targetProxy = F9ED3DB01EE7E03D00F6C79E /* PBXContainerItemProxy */;
		};
/* End PBXTargetDependency section */

/* Begin PBXVariantGroup section */
		F9ED3D9B1EE7E03D00F6C79E /* Main.storyboard */ = {
			isa = PBXVariantGroup;
			children = (
				F9ED3D9C1EE7E03D00F6C79E /* Base */,
			);
			name = Main.storyboard;
			sourceTree = "<group>";
		};
/* End PBXVariantGroup section */

/* Begin XCBuildConfiguration section */
		F9ED3DB61EE7E03D00F6C79E /* Debug */ = {
			isa = XCBuildConfiguration;
			buildSettings = {
				ALWAYS_SEARCH_USER_PATHS = NO;
				CLANG_ANALYZER_LOCALIZABILITY_EMPTY_CONTEXT = YES;
				CLANG_ANALYZER_LOCALIZABILITY_NONLOCALIZED = YES;
				CLANG_ANALYZER_NONNULL = YES;
				CLANG_ANALYZER_NUMBER_OBJECT_CONVERSION = YES_AGGRESSIVE;
				CLANG_ANALYZER_SECURITY_FLOATLOOPCOUNTER = YES;
				CLANG_ANALYZER_SECURITY_INSECUREAPI_RAND = YES;
				CLANG_ANALYZER_SECURITY_INSECUREAPI_STRCPY = YES;
				CLANG_CXX_LANGUAGE_STANDARD = "gnu++14";
				CLANG_CXX_LIBRARY = "libc++";
				CLANG_ENABLE_MODULES = YES;
				CLANG_ENABLE_OBJC_ARC = YES;
				CLANG_WARN_ASSIGN_ENUM = YES;
				CLANG_WARN_BLOCK_CAPTURE_AUTORELEASING = YES;
				CLANG_WARN_BOOL_CONVERSION = YES;
				CLANG_WARN_COMMA = YES;
				CLANG_WARN_CONSTANT_CONVERSION = YES;
				CLANG_WARN_DIRECT_OBJC_ISA_USAGE = YES_ERROR;
				CLANG_WARN_DOCUMENTATION_COMMENTS = YES;
				CLANG_WARN_EMPTY_BODY = YES;
				CLANG_WARN_ENUM_CONVERSION = YES;
				CLANG_WARN_IMPLICIT_SIGN_CONVERSION = YES;
				CLANG_WARN_INFINITE_RECURSION = YES;
				CLANG_WARN_INT_CONVERSION = YES;
				CLANG_WARN_NON_LITERAL_NULL_CONVERSION = YES;
				CLANG_WARN_OBJC_ROOT_CLASS = YES_ERROR;
				CLANG_WARN_RANGE_LOOP_ANALYSIS = YES;
				CLANG_WARN_STRICT_PROTOTYPES = YES;
				CLANG_WARN_SUSPICIOUS_IMPLICIT_CONVERSION = YES;
				CLANG_WARN_SUSPICIOUS_MOVE = YES;
				CLANG_WARN_UNGUARDED_AVAILABILITY = YES_AGGRESSIVE;
				CLANG_WARN_UNREACHABLE_CODE = YES;
				CLANG_WARN__DUPLICATE_METHOD_MATCH = YES;
				CODE_SIGN_IDENTITY = "";
				COPY_PHASE_STRIP = NO;
				DEBUG_INFORMATION_FORMAT = dwarf;
				ENABLE_STRICT_OBJC_MSGSEND = YES;
				ENABLE_TESTABILITY = YES;
				GCC_C_LANGUAGE_STANDARD = gnu11;
				GCC_DYNAMIC_NO_PIC = NO;
				GCC_NO_COMMON_BLOCKS = YES;
				GCC_OPTIMIZATION_LEVEL = 0;
				GCC_PREPROCESSOR_DEFINITIONS = (
					"DEBUG=1",
					"$(inherited)",
				);
				GCC_TREAT_IMPLICIT_FUNCTION_DECLARATIONS_AS_ERRORS = YES;
				GCC_TREAT_INCOMPATIBLE_POINTER_TYPE_WARNINGS_AS_ERRORS = YES;
				GCC_WARN_64_TO_32_BIT_CONVERSION = YES;
				GCC_WARN_ABOUT_MISSING_FIELD_INITIALIZERS = YES;
				GCC_WARN_ABOUT_MISSING_NEWLINE = YES;
				GCC_WARN_ABOUT_MISSING_PROTOTYPES = YES;
				GCC_WARN_ABOUT_RETURN_TYPE = YES_ERROR;
				GCC_WARN_INITIALIZER_NOT_FULLY_BRACKETED = YES;
				GCC_WARN_SHADOW = YES;
				GCC_WARN_SIGN_COMPARE = YES;
				GCC_WARN_UNDECLARED_SELECTOR = YES;
				GCC_WARN_UNINITIALIZED_AUTOS = YES_AGGRESSIVE;
				GCC_WARN_UNKNOWN_PRAGMAS = YES;
				GCC_WARN_UNUSED_FUNCTION = YES;
				GCC_WARN_UNUSED_LABEL = YES;
				GCC_WARN_UNUSED_VARIABLE = YES;
				MACOSX_DEPLOYMENT_TARGET = 10.12;
				MTL_ENABLE_DEBUG_INFO = YES;
				ONLY_ACTIVE_ARCH = YES;
				SDKROOT = macosx;
				SWIFT_ACTIVE_COMPILATION_CONDITIONS = DEBUG;
				SWIFT_OPTIMIZATION_LEVEL = "-Onone";
			};
			name = Debug;
		};
		F9ED3DB71EE7E03D00F6C79E /* Release */ = {
			isa = XCBuildConfiguration;
			buildSettings = {
				ALWAYS_SEARCH_USER_PATHS = NO;
				CLANG_ANALYZER_LOCALIZABILITY_EMPTY_CONTEXT = YES;
				CLANG_ANALYZER_LOCALIZABILITY_NONLOCALIZED = YES;
				CLANG_ANALYZER_NONNULL = YES;
				CLANG_ANALYZER_NUMBER_OBJECT_CONVERSION = YES_AGGRESSIVE;
				CLANG_ANALYZER_SECURITY_FLOATLOOPCOUNTER = YES;
				CLANG_ANALYZER_SECURITY_INSECUREAPI_RAND = YES;
				CLANG_ANALYZER_SECURITY_INSECUREAPI_STRCPY = YES;
				CLANG_CXX_LANGUAGE_STANDARD = "gnu++14";
				CLANG_CXX_LIBRARY = "libc++";
				CLANG_ENABLE_MODULES = YES;
				CLANG_ENABLE_OBJC_ARC = YES;
				CLANG_WARN_ASSIGN_ENUM = YES;
				CLANG_WARN_BLOCK_CAPTURE_AUTORELEASING = YES;
				CLANG_WARN_BOOL_CONVERSION = YES;
				CLANG_WARN_COMMA = YES;
				CLANG_WARN_CONSTANT_CONVERSION = YES;
				CLANG_WARN_DIRECT_OBJC_ISA_USAGE = YES_ERROR;
				CLANG_WARN_DOCUMENTATION_COMMENTS = YES;
				CLANG_WARN_EMPTY_BODY = YES;
				CLANG_WARN_ENUM_CONVERSION = YES;
				CLANG_WARN_IMPLICIT_SIGN_CONVERSION = YES;
				CLANG_WARN_INFINITE_RECURSION = YES;
				CLANG_WARN_INT_CONVERSION = YES;
				CLANG_WARN_NON_LITERAL_NULL_CONVERSION = YES;
				CLANG_WARN_OBJC_ROOT_CLASS = YES_ERROR;
				CLANG_WARN_RANGE_LOOP_ANALYSIS = YES;
				CLANG_WARN_STRICT_PROTOTYPES = YES;
				CLANG_WARN_SUSPICIOUS_IMPLICIT_CONVERSION = YES;
				CLANG_WARN_SUSPICIOUS_MOVE = YES;
				CLANG_WARN_UNGUARDED_AVAILABILITY = YES_AGGRESSIVE;
				CLANG_WARN_UNREACHABLE_CODE = YES;
				CLANG_WARN__DUPLICATE_METHOD_MATCH = YES;
				CODE_SIGN_IDENTITY = "";
				COPY_PHASE_STRIP = NO;
				DEBUG_INFORMATION_FORMAT = "dwarf-with-dsym";
				ENABLE_NS_ASSERTIONS = NO;
				ENABLE_STRICT_OBJC_MSGSEND = YES;
				GCC_C_LANGUAGE_STANDARD = gnu11;
				GCC_NO_COMMON_BLOCKS = YES;
				GCC_TREAT_IMPLICIT_FUNCTION_DECLARATIONS_AS_ERRORS = YES;
				GCC_TREAT_INCOMPATIBLE_POINTER_TYPE_WARNINGS_AS_ERRORS = YES;
				GCC_WARN_64_TO_32_BIT_CONVERSION = YES;
				GCC_WARN_ABOUT_MISSING_FIELD_INITIALIZERS = YES;
				GCC_WARN_ABOUT_MISSING_NEWLINE = YES;
				GCC_WARN_ABOUT_MISSING_PROTOTYPES = YES;
				GCC_WARN_ABOUT_RETURN_TYPE = YES_ERROR;
				GCC_WARN_INITIALIZER_NOT_FULLY_BRACKETED = YES;
				GCC_WARN_SHADOW = YES;
				GCC_WARN_SIGN_COMPARE = YES;
				GCC_WARN_UNDECLARED_SELECTOR = YES;
				GCC_WARN_UNINITIALIZED_AUTOS = YES_AGGRESSIVE;
				GCC_WARN_UNKNOWN_PRAGMAS = YES;
				GCC_WARN_UNUSED_FUNCTION = YES;
				GCC_WARN_UNUSED_LABEL = YES;
				GCC_WARN_UNUSED_VARIABLE = YES;
				MACOSX_DEPLOYMENT_TARGET = 10.12;
				MTL_ENABLE_DEBUG_INFO = NO;
				SDKROOT = macosx;
				SWIFT_OPTIMIZATION_LEVEL = "-Owholemodule";
			};
			name = Release;
		};
		F9ED3DB91EE7E03D00F6C79E /* Debug */ = {
			isa = XCBuildConfiguration;
			buildSettings = {
				ASSETCATALOG_COMPILER_APPICON_NAME = AppIcon;
				CODE_SIGN_ENTITLEMENTS = "";
				CODE_SIGN_IDENTITY = "";
				CODE_SIGN_STYLE = Automatic;
				COMBINE_HIDPI_IMAGES = YES;
				DEVELOPMENT_TEAM = "";
				FRAMEWORK_SEARCH_PATHS = (
					"$(inherited)",
					"$(PROJECT_DIR)/Carthage/Build/Mac",
				);
				INFOPLIST_FILE = SwiftBeanCount/Resources/Info.plist;
				LD_RUNPATH_SEARCH_PATHS = "$(inherited) @executable_path/../Frameworks";
				PRODUCT_BUNDLE_IDENTIFIER = de.steffenkoette.SwiftBeanCount;
				PRODUCT_NAME = "$(TARGET_NAME)";
				PROVISIONING_PROFILE_SPECIFIER = "";
				SWIFT_VERSION = 4.0;
			};
			name = Debug;
		};
		F9ED3DBA1EE7E03D00F6C79E /* Release */ = {
			isa = XCBuildConfiguration;
			buildSettings = {
				ASSETCATALOG_COMPILER_APPICON_NAME = AppIcon;
				CODE_SIGN_ENTITLEMENTS = "";
				CODE_SIGN_IDENTITY = "";
				CODE_SIGN_STYLE = Automatic;
				COMBINE_HIDPI_IMAGES = YES;
				DEVELOPMENT_TEAM = "";
				FRAMEWORK_SEARCH_PATHS = (
					"$(inherited)",
					"$(PROJECT_DIR)/Carthage/Build/Mac",
				);
				INFOPLIST_FILE = SwiftBeanCount/Resources/Info.plist;
				LD_RUNPATH_SEARCH_PATHS = "$(inherited) @executable_path/../Frameworks";
				PRODUCT_BUNDLE_IDENTIFIER = de.steffenkoette.SwiftBeanCount;
				PRODUCT_NAME = "$(TARGET_NAME)";
				PROVISIONING_PROFILE_SPECIFIER = "";
				SWIFT_VERSION = 4.0;
			};
			name = Release;
		};
		F9ED3DBC1EE7E03D00F6C79E /* Debug */ = {
			isa = XCBuildConfiguration;
			buildSettings = {
				ALWAYS_EMBED_SWIFT_STANDARD_LIBRARIES = YES;
				BUNDLE_LOADER = "$(TEST_HOST)";
				CLANG_ENABLE_MODULES = YES;
				CODE_SIGN_IDENTITY = "";
				CODE_SIGN_STYLE = Automatic;
				COMBINE_HIDPI_IMAGES = YES;
				DEVELOPMENT_TEAM = "";
				FRAMEWORK_SEARCH_PATHS = (
					"$(inherited)",
					"$(PROJECT_DIR)/Carthage/Build/Mac",
				);
				INFOPLIST_FILE = SwiftBeanCountTests/Resources/Info.plist;
				LD_RUNPATH_SEARCH_PATHS = "$(inherited) @executable_path/../Frameworks @loader_path/../Frameworks @loader_path/Frameworks";
				PRODUCT_BUNDLE_IDENTIFIER = de.steffenkoette.SwiftBeanCountTests;
				PRODUCT_NAME = "$(TARGET_NAME)";
				PROVISIONING_PROFILE_SPECIFIER = "";
				SWIFT_OPTIMIZATION_LEVEL = "-Onone";
				SWIFT_VERSION = 4.0;
				TEST_HOST = "$(BUILT_PRODUCTS_DIR)/SwiftBeanCount.app/Contents/MacOS/SwiftBeanCount";
			};
			name = Debug;
		};
		F9ED3DBD1EE7E03D00F6C79E /* Release */ = {
			isa = XCBuildConfiguration;
			buildSettings = {
				ALWAYS_EMBED_SWIFT_STANDARD_LIBRARIES = YES;
				BUNDLE_LOADER = "$(TEST_HOST)";
				CLANG_ENABLE_MODULES = YES;
				CODE_SIGN_IDENTITY = "";
				CODE_SIGN_STYLE = Automatic;
				COMBINE_HIDPI_IMAGES = YES;
				DEVELOPMENT_TEAM = "";
				FRAMEWORK_SEARCH_PATHS = (
					"$(inherited)",
					"$(PROJECT_DIR)/Carthage/Build/Mac",
				);
				INFOPLIST_FILE = SwiftBeanCountTests/Resources/Info.plist;
				LD_RUNPATH_SEARCH_PATHS = "$(inherited) @executable_path/../Frameworks @loader_path/../Frameworks @loader_path/Frameworks";
				PRODUCT_BUNDLE_IDENTIFIER = de.steffenkoette.SwiftBeanCountTests;
				PRODUCT_NAME = "$(TARGET_NAME)";
				PROVISIONING_PROFILE_SPECIFIER = "";
				SWIFT_VERSION = 4.0;
				TEST_HOST = "$(BUILT_PRODUCTS_DIR)/SwiftBeanCount.app/Contents/MacOS/SwiftBeanCount";
			};
			name = Release;
		};
		F9ED3DBF1EE7E03D00F6C79E /* Debug */ = {
			isa = XCBuildConfiguration;
			buildSettings = {
				ALWAYS_EMBED_SWIFT_STANDARD_LIBRARIES = YES;
				CODE_SIGN_IDENTITY = "";
				COMBINE_HIDPI_IMAGES = YES;
				DEVELOPMENT_TEAM = "";
				FRAMEWORK_SEARCH_PATHS = (
					"$(inherited)",
					"$(PROJECT_DIR)/Carthage/Build/Mac",
				);
				INFOPLIST_FILE = SwiftBeanCountUITests/Info.plist;
				LD_RUNPATH_SEARCH_PATHS = "$(inherited) @executable_path/../Frameworks @loader_path/../Frameworks @loader_path/Frameworks";
				PRODUCT_BUNDLE_IDENTIFIER = de.steffenkoette.SwiftBeanCountUITests;
				PRODUCT_NAME = "$(TARGET_NAME)";
				SWIFT_VERSION = 4.0;
				TEST_TARGET_NAME = SwiftBeanCount;
			};
			name = Debug;
		};
		F9ED3DC01EE7E03D00F6C79E /* Release */ = {
			isa = XCBuildConfiguration;
			buildSettings = {
				ALWAYS_EMBED_SWIFT_STANDARD_LIBRARIES = YES;
				CODE_SIGN_IDENTITY = "";
				COMBINE_HIDPI_IMAGES = YES;
				DEVELOPMENT_TEAM = "";
				FRAMEWORK_SEARCH_PATHS = (
					"$(inherited)",
					"$(PROJECT_DIR)/Carthage/Build/Mac",
				);
				INFOPLIST_FILE = SwiftBeanCountUITests/Info.plist;
				LD_RUNPATH_SEARCH_PATHS = "$(inherited) @executable_path/../Frameworks @loader_path/../Frameworks @loader_path/Frameworks";
				PRODUCT_BUNDLE_IDENTIFIER = de.steffenkoette.SwiftBeanCountUITests;
				PRODUCT_NAME = "$(TARGET_NAME)";
				SWIFT_VERSION = 4.0;
				TEST_TARGET_NAME = SwiftBeanCount;
			};
			name = Release;
		};
/* End XCBuildConfiguration section */

/* Begin XCConfigurationList section */
		F9ED3D8D1EE7E03D00F6C79E /* Build configuration list for PBXProject "SwiftBeanCount" */ = {
			isa = XCConfigurationList;
			buildConfigurations = (
				F9ED3DB61EE7E03D00F6C79E /* Debug */,
				F9ED3DB71EE7E03D00F6C79E /* Release */,
			);
			defaultConfigurationIsVisible = 0;
			defaultConfigurationName = Release;
		};
		F9ED3DB81EE7E03D00F6C79E /* Build configuration list for PBXNativeTarget "SwiftBeanCount" */ = {
			isa = XCConfigurationList;
			buildConfigurations = (
				F9ED3DB91EE7E03D00F6C79E /* Debug */,
				F9ED3DBA1EE7E03D00F6C79E /* Release */,
			);
			defaultConfigurationIsVisible = 0;
			defaultConfigurationName = Release;
		};
		F9ED3DBB1EE7E03D00F6C79E /* Build configuration list for PBXNativeTarget "SwiftBeanCountTests" */ = {
			isa = XCConfigurationList;
			buildConfigurations = (
				F9ED3DBC1EE7E03D00F6C79E /* Debug */,
				F9ED3DBD1EE7E03D00F6C79E /* Release */,
			);
			defaultConfigurationIsVisible = 0;
			defaultConfigurationName = Release;
		};
		F9ED3DBE1EE7E03D00F6C79E /* Build configuration list for PBXNativeTarget "SwiftBeanCountUITests" */ = {
			isa = XCConfigurationList;
			buildConfigurations = (
				F9ED3DBF1EE7E03D00F6C79E /* Debug */,
				F9ED3DC01EE7E03D00F6C79E /* Release */,
			);
			defaultConfigurationIsVisible = 0;
			defaultConfigurationName = Release;
		};
/* End XCConfigurationList section */
	};
	rootObject = F9ED3D8A1EE7E03D00F6C79E /* Project object */;
}
