{
  "object": {
    "pins": [
      {
        "package": "SwiftBeanCountModel",
        "repositoryURL": "https://github.com/Nef10/SwiftBeanCountModel.git",
        "state": {
          "branch": null,
          "revision": "61a3e655f2e9333be06c0a96d7974fa0f1b3434a",
          "version": "0.1.2"
        }
      },
      {
        "package": "SwiftBeanCountParser",
        "repositoryURL": "https://github.com/Nef10/SwiftBeanCountParser.git",
        "state": {
          "branch": null,
          "revision": "2e21578a08687366c878d7d52e1b971ff830442b",
          "version": "0.1.2"
        }
      }
    ]
  },
  "version": 1
}
